
Microsoft Visual Studio Solution File, Format Version 12.00
# Visual Studio Version 17
VisualStudioVersion = 17.14.36017.23
MinimumVisualStudioVersion = 10.0.40219.1
Project("{FAE04EC0-301F-11D3-BF4B-00C04F79EFBC}") = "n23", "n23.csproj", "{96D54BFC-7629-4593-B1E8-D734BD393730}"
EndProject
Project("{E24C65DC-7377-472B-9ABA-BC803B73C61A}") = "WebSite1(1)", "..\WebSite1\", "{579268CC-5C45-2B39-97E5-60D9F5550954}"
	ProjectSection(WebsiteProperties) = preProject
		TargetFrameworkMoniker = ".NETFramework,Version%3Dv4.7.2"
		ProjectReferences = "{96d54bfc-7629-4593-b1e8-d734bd393730}|n23.dll;"
		Debug.AspNetCompiler.VirtualPath = "/localhost_51905"
		Debug.AspNetCompiler.PhysicalPath = "..\WebSite1\"
		Debug.AspNetCompiler.TargetPath = "PrecompiledWeb\localhost_51905\"
		Debug.AspNetCompiler.Updateable = "true"
		Debug.AspNetCompiler.ForceOverwrite = "true"
		Debug.AspNetCompiler.FixedNames = "false"
		Debug.AspNetCompiler.Debug = "True"
		Release.AspNetCompiler.VirtualPath = "/localhost_51905"
		Release.AspNetCompiler.PhysicalPath = "..\WebSite1\"
		Release.AspNetCompiler.TargetPath = "PrecompiledWeb\localhost_51905\"
		Release.AspNetCompiler.Updateable = "true"
		Release.AspNetCompiler.ForceOverwrite = "true"
		Release.AspNetCompiler.FixedNames = "false"
		Release.AspNetCompiler.Debug = "False"
		VWDPort = "51905"
		SlnRelativePath = "..\WebSite1\"
		DefaultWebSiteLanguage = "Visual C#"
	EndProjectSection
EndProject
Global
	GlobalSection(SolutionConfigurationPlatforms) = preSolution
		Debug|Any CPU = Debug|Any CPU
		Release|Any CPU = Release|Any CPU
	EndGlobalSection
	GlobalSection(ProjectConfigurationPlatforms) = postSolution
		{96D54BFC-7629-4593-B1E8-D734BD393730}.Debug|Any CPU.ActiveCfg = Debug|Any CPU
		{96D54BFC-7629-4593-B1E8-D734BD393730}.Debug|Any CPU.Build.0 = Debug|Any CPU
		{96D54BFC-7629-4593-B1E8-D734BD393730}.Release|Any CPU.ActiveCfg = Release|Any CPU
		{96D54BFC-7629-4593-B1E8-D734BD393730}.Release|Any CPU.Build.0 = Release|Any CPU
		{579268CC-5C45-2B39-97E5-60D9F5550954}.Debug|Any CPU.ActiveCfg = Debug|Any CPU
		{579268CC-5C45-2B39-97E5-60D9F5550954}.Debug|Any CPU.Build.0 = Debug|Any CPU
		{579268CC-5C45-2B39-97E5-60D9F5550954}.Release|Any CPU.ActiveCfg = Debug|Any CPU
		{579268CC-5C45-2B39-97E5-60D9F5550954}.Release|Any CPU.Build.0 = Debug|Any CPU
	EndGlobalSection
	GlobalSection(SolutionProperties) = preSolution
		HideSolutionNode = FALSE
	EndGlobalSection
	GlobalSection(ExtensibilityGlobals) = postSolution
		SolutionGuid = {3F8F6CAF-3252-4C51-B2B6-ED5A6CBF8457}
	EndGlobalSection
EndGlobal
